
Microsoft Visual Studio Solution File, Format Version 12.00
# Visual Studio Version 16
VisualStudioVersion = 16.0.29613.14
MinimumVisualStudioVersion = 10.0.40219.1
Project("{9A19103F-16F7-4668-BE54-9A1E7A4F7556}") = "Entities", "Entities\Entities.csproj", "{36944CF4-8026-4E2B-B68E-042EF62AACF3}"
EndProject
Project("{9A19103F-16F7-4668-BE54-9A1E7A4F7556}") = "DataAccess", "DataAccess\DataAccess.csproj", "{2C19F879-BB07-4AD2-8086-6F15E0C69367}"
EndProject
Project("{9A19103F-16F7-4668-BE54-9A1E7A4F7556}") = "Infrastructure", "Infrastructure\Infrastructure.csproj", "{6291FF2E-7BCC-4AAD-B173-E28C01A0722C}"
EndProject
Project("{9A19103F-16F7-4668-BE54-9A1E7A4F7556}") = "WebAPI", "WebAPI\WebAPI.csproj", "{CF679A4C-1F57-4F27-A4FF-9007D9EC8DF0}"
EndProject
Project("{FAE04EC0-301F-11D3-BF4B-00C04F79EFBC}") = "Business", "Business\Business.csproj", "{6A494D86-083B-4EB1-8381-A260885C0C42}"
EndProject
Global
	GlobalSection(SolutionConfigurationPlatforms) = preSolution
		Debug|Any CPU = Debug|Any CPU
		Release|Any CPU = Release|Any CPU
	EndGlobalSection
	GlobalSection(ProjectConfigurationPlatforms) = postSolution
		{36944CF4-8026-4E2B-B68E-042EF62AACF3}.Debug|Any CPU.ActiveCfg = Debug|Any CPU
		{36944CF4-8026-4E2B-B68E-042EF62AACF3}.Debug|Any CPU.Build.0 = Debug|Any CPU
		{36944CF4-8026-4E2B-B68E-042EF62AACF3}.Release|Any CPU.ActiveCfg = Release|Any CPU
		{36944CF4-8026-4E2B-B68E-042EF62AACF3}.Release|Any CPU.Build.0 = Release|Any CPU
		{2C19F879-BB07-4AD2-8086-6F15E0C69367}.Debug|Any CPU.ActiveCfg = Debug|Any CPU
		{2C19F879-BB07-4AD2-8086-6F15E0C69367}.Debug|Any CPU.Build.0 = Debug|Any CPU
		{2C19F879-BB07-4AD2-8086-6F15E0C69367}.Release|Any CPU.ActiveCfg = Release|Any CPU
		{2C19F879-BB07-4AD2-8086-6F15E0C69367}.Release|Any CPU.Build.0 = Release|Any CPU
		{6291FF2E-7BCC-4AAD-B173-E28C01A0722C}.Debug|Any CPU.ActiveCfg = Debug|Any CPU
		{6291FF2E-7BCC-4AAD-B173-E28C01A0722C}.Debug|Any CPU.Build.0 = Debug|Any CPU
		{6291FF2E-7BCC-4AAD-B173-E28C01A0722C}.Release|Any CPU.ActiveCfg = Release|Any CPU
		{6291FF2E-7BCC-4AAD-B173-E28C01A0722C}.Release|Any CPU.Build.0 = Release|Any CPU
		{CF679A4C-1F57-4F27-A4FF-9007D9EC8DF0}.Debug|Any CPU.ActiveCfg = Debug|Any CPU
		{CF679A4C-1F57-4F27-A4FF-9007D9EC8DF0}.Debug|Any CPU.Build.0 = Debug|Any CPU
		{CF679A4C-1F57-4F27-A4FF-9007D9EC8DF0}.Release|Any CPU.ActiveCfg = Release|Any CPU
		{CF679A4C-1F57-4F27-A4FF-9007D9EC8DF0}.Release|Any CPU.Build.0 = Release|Any CPU
		{6A494D86-083B-4EB1-8381-A260885C0C42}.Debug|Any CPU.ActiveCfg = Debug|Any CPU
		{6A494D86-083B-4EB1-8381-A260885C0C42}.Debug|Any CPU.Build.0 = Debug|Any CPU
		{6A494D86-083B-4EB1-8381-A260885C0C42}.Release|Any CPU.ActiveCfg = Release|Any CPU
		{6A494D86-083B-4EB1-8381-A260885C0C42}.Release|Any CPU.Build.0 = Release|Any CPU
	EndGlobalSection
	GlobalSection(SolutionProperties) = preSolution
		HideSolutionNode = FALSE
	EndGlobalSection
	GlobalSection(ExtensibilityGlobals) = postSolution
		SolutionGuid = {EB57624F-16F2-44A4-9AEE-210531AF7BD4}
	EndGlobalSection
EndGlobal
